// !$*UTF8*$!
{
	archiveVersion = 1;
	classes = {
	};
	objectVersion = 46;
	objects = {

/* Begin PBXBuildFile section */
		138ED3AF1DA3CBE500424A8D /* libc++.tbd in Frameworks */ = {isa = PBXBuildFile; fileRef = 78AF77621D9E373700048689 /* libc++.tbd */; };
		138ED3B01DA3CBE500424A8D /* libsqlite3.tbd in Frameworks */ = {isa = PBXBuildFile; fileRef = 78AF77601D9E373000048689 /* libsqlite3.tbd */; };
		138ED3B11DA3CBE500424A8D /* libiconv.tbd in Frameworks */ = {isa = PBXBuildFile; fileRef = 78AF775E1D9E372A00048689 /* libiconv.tbd */; };
		138ED3B21DA3CBE500424A8D /* libz.tbd in Frameworks */ = {isa = PBXBuildFile; fileRef = 78AF775C1D9E372300048689 /* libz.tbd */; };
		138ED3B41DA3CBE500424A8D /* OPGResourceBundle.bundle in Resources */ = {isa = PBXBuildFile; fileRef = 78AF77661D9E376D00048689 /* OPGResourceBundle.bundle */; };
		138ED3E21DA3CFD100424A8D /* AuthenticationViewController.m in Sources */ = {isa = PBXBuildFile; fileRef = 138ED3C01DA3CFD100424A8D /* AuthenticationViewController.m */; };
		138ED3E31DA3CFD100424A8D /* ChangePasswordViewController.m in Sources */ = {isa = PBXBuildFile; fileRef = 138ED3C21DA3CFD100424A8D /* ChangePasswordViewController.m */; };
		138ED3E41DA3CFD100424A8D /* DownloadMediaViewController.m in Sources */ = {isa = PBXBuildFile; fileRef = 138ED3C41DA3CFD100424A8D /* DownloadMediaViewController.m */; };
		138ED3E51DA3CFD100424A8D /* ForgotPasswordViewController.m in Sources */ = {isa = PBXBuildFile; fileRef = 138ED3C61DA3CFD100424A8D /* ForgotPasswordViewController.m */; };
		138ED3E61DA3CFD100424A8D /* GetPanellistProfileViewController.m in Sources */ = {isa = PBXBuildFile; fileRef = 138ED3C81DA3CFD100424A8D /* GetPanellistProfileViewController.m */; };
		138ED3E71DA3CFD100424A8D /* GetPanelsViewController.m in Sources */ = {isa = PBXBuildFile; fileRef = 138ED3CA1DA3CFD100424A8D /* GetPanelsViewController.m */; };
		138ED3E81DA3CFD100424A8D /* GetScriptViewController.m in Sources */ = {isa = PBXBuildFile; fileRef = 138ED3CC1DA3CFD100424A8D /* GetScriptViewController.m */; };
		138ED3E91DA3CFD100424A8D /* GetSurveysViewController.m in Sources */ = {isa = PBXBuildFile; fileRef = 138ED3CE1DA3CFD100424A8D /* GetSurveysViewController.m */; };
		138ED3EA1DA3CFD100424A8D /* SurveyTableViewController.m in Sources */ = {isa = PBXBuildFile; fileRef = 138ED3D01DA3CFD100424A8D /* SurveyTableViewController.m */; };
		138ED3EB1DA3CFD100424A8D /* UpdatePanelistProfileViewController.m in Sources */ = {isa = PBXBuildFile; fileRef = 138ED3D21DA3CFD100424A8D /* UpdatePanelistProfileViewController.m */; };
		138ED3EC1DA3CFD100424A8D /* UploadMediaViewController.m in Sources */ = {isa = PBXBuildFile; fileRef = 138ED3D41DA3CFD100424A8D /* UploadMediaViewController.m */; };
		138ED3ED1DA3CFD100424A8D /* ApiTableViewController.m in Sources */ = {isa = PBXBuildFile; fileRef = 138ED3D61DA3CFD100424A8D /* ApiTableViewController.m */; };
		138ED3EE1DA3CFD100424A8D /* AppDelegate.m in Sources */ = {isa = PBXBuildFile; fileRef = 138ED3D81DA3CFD100424A8D /* AppDelegate.m */; };
		138ED3EF1DA3CFD100424A8D /* Assets.xcassets in Resources */ = {isa = PBXBuildFile; fileRef = 138ED3D91DA3CFD100424A8D /* Assets.xcassets */; };
		138ED3F01DA3CFD100424A8D /* LaunchScreen.storyboard in Resources */ = {isa = PBXBuildFile; fileRef = 138ED3DA1DA3CFD100424A8D /* LaunchScreen.storyboard */; };
		138ED3F11DA3CFD100424A8D /* Main.storyboard in Resources */ = {isa = PBXBuildFile; fileRef = 138ED3DC1DA3CFD100424A8D /* Main.storyboard */; };
		138ED3F21DA3CFD100424A8D /* Info.plist in Resources */ = {isa = PBXBuildFile; fileRef = 138ED3DE1DA3CFD100424A8D /* Info.plist */; };
		138ED3F31DA3CFD100424A8D /* main.m in Sources */ = {isa = PBXBuildFile; fileRef = 138ED3DF1DA3CFD100424A8D /* main.m */; };
		138ED3F41DA3CFD100424A8D /* ViewController.m in Sources */ = {isa = PBXBuildFile; fileRef = 138ED3E11DA3CFD100424A8D /* ViewController.m */; };
		138ED3FC1DA3D19500424A8D /* AppDelegate.swift in Sources */ = {isa = PBXBuildFile; fileRef = 138ED3FB1DA3D19500424A8D /* AppDelegate.swift */; };
		138ED3FE1DA3D19500424A8D /* ApiTableViewController.swift in Sources */ = {isa = PBXBuildFile; fileRef = 138ED3FD1DA3D19500424A8D /* ApiTableViewController.swift */; };
		138ED4011DA3D19500424A8D /* Main.storyboard in Resources */ = {isa = PBXBuildFile; fileRef = 138ED3FF1DA3D19500424A8D /* Main.storyboard */; };
		138ED4041DA3D19500424A8D /* SDKDemo_Swift.xcdatamodeld in Sources */ = {isa = PBXBuildFile; fileRef = 138ED4021DA3D19500424A8D /* SDKDemo_Swift.xcdatamodeld */; };
		138ED4061DA3D19500424A8D /* Assets.xcassets in Resources */ = {isa = PBXBuildFile; fileRef = 138ED4051DA3D19500424A8D /* Assets.xcassets */; };
		138ED4091DA3D19500424A8D /* LaunchScreen.storyboard in Resources */ = {isa = PBXBuildFile; fileRef = 138ED4071DA3D19500424A8D /* LaunchScreen.storyboard */; };
		138ED43D1DA3D44E00424A8D /* AuthenticationViewController.swift in Sources */ = {isa = PBXBuildFile; fileRef = 138ED43C1DA3D44E00424A8D /* AuthenticationViewController.swift */; };
		138ED43F1DA3D46200424A8D /* ChangePasswordViewController.swift in Sources */ = {isa = PBXBuildFile; fileRef = 138ED43E1DA3D46200424A8D /* ChangePasswordViewController.swift */; };
		138ED4411DA3D47600424A8D /* DownloadMediaViewController.swift in Sources */ = {isa = PBXBuildFile; fileRef = 138ED4401DA3D47600424A8D /* DownloadMediaViewController.swift */; };
		138ED4431DA3D48B00424A8D /* ForgotPasswordViewController.swift in Sources */ = {isa = PBXBuildFile; fileRef = 138ED4421DA3D48B00424A8D /* ForgotPasswordViewController.swift */; };
		138ED4451DA3D4D200424A8D /* GetPanellistProfileViewController.swift in Sources */ = {isa = PBXBuildFile; fileRef = 138ED4441DA3D4D200424A8D /* GetPanellistProfileViewController.swift */; };
		138ED4471DA3D4E300424A8D /* GetPanelsViewController.swift in Sources */ = {isa = PBXBuildFile; fileRef = 138ED4461DA3D4E300424A8D /* GetPanelsViewController.swift */; };
		138ED4491DA3D4F100424A8D /* GetScriptViewController.swift in Sources */ = {isa = PBXBuildFile; fileRef = 138ED4481DA3D4F100424A8D /* GetScriptViewController.swift */; };
		138ED44B1DA3D4FF00424A8D /* GetSurveysViewController.swift in Sources */ = {isa = PBXBuildFile; fileRef = 138ED44A1DA3D4FF00424A8D /* GetSurveysViewController.swift */; };
		138ED44D1DA3D51D00424A8D /* UpdatePanellistProfileViewController.swift in Sources */ = {isa = PBXBuildFile; fileRef = 138ED44C1DA3D51D00424A8D /* UpdatePanellistProfileViewController.swift */; };
		138ED44F1DA3D52A00424A8D /* UploadMediaViewController.swift in Sources */ = {isa = PBXBuildFile; fileRef = 138ED44E1DA3D52A00424A8D /* UploadMediaViewController.swift */; };
		7859F9DE1DA4C4D20041E447 /* SurveyTableViewController.swift in Sources */ = {isa = PBXBuildFile; fileRef = 7859F9DD1DA4C4D20041E447 /* SurveyTableViewController.swift */; };
		7859F9E21DA4CA9E0041E447 /* libc++.tbd in Frameworks */ = {isa = PBXBuildFile; fileRef = 78AF77621D9E373700048689 /* libc++.tbd */; };
		7859F9E31DA4CAA40041E447 /* libsqlite3.tbd in Frameworks */ = {isa = PBXBuildFile; fileRef = 78AF77601D9E373000048689 /* libsqlite3.tbd */; };
		7859F9E41DA4CAAA0041E447 /* libiconv.tbd in Frameworks */ = {isa = PBXBuildFile; fileRef = 78AF775E1D9E372A00048689 /* libiconv.tbd */; };
		7859F9E51DA4CAAF0041E447 /* libz.tbd in Frameworks */ = {isa = PBXBuildFile; fileRef = 78AF775C1D9E372300048689 /* libz.tbd */; };
		7859F9E81DA4CACE0041E447 /* OPGResourceBundle.bundle in Resources */ = {isa = PBXBuildFile; fileRef = 7859F9E71DA4CACE0041E447 /* OPGResourceBundle.bundle */; };
		786AB6101E7A55A900D895DE /* libOnePointSDK.a in Frameworks */ = {isa = PBXBuildFile; fileRef = 786AB60F1E7A55A900D895DE /* libOnePointSDK.a */; };
		786AB6111E7A55B300D895DE /* libOnePointSDK.a in Frameworks */ = {isa = PBXBuildFile; fileRef = 786AB60F1E7A55A900D895DE /* libOnePointSDK.a */; };
		786AB6151E7A57C000D895DE /* libxml2.2.tbd in Frameworks */ = {isa = PBXBuildFile; fileRef = 786AB6141E7A57C000D895DE /* libxml2.2.tbd */; };
		787B10161DF005F100B6DFC4 /* AuthenticationWithSocialMediaViewController.m in Sources */ = {isa = PBXBuildFile; fileRef = 787B10151DF005F100B6DFC4 /* AuthenticationWithSocialMediaViewController.m */; };
		787B10181DF0259100B6DFC4 /* AuthenticationWithSocialMediaViewController.swift in Sources */ = {isa = PBXBuildFile; fileRef = 787B10171DF0259100B6DFC4 /* AuthenticationWithSocialMediaViewController.swift */; };
		78B0D5BB1DEEEA9400B74628 /* CountriesTableViewController.m in Sources */ = {isa = PBXBuildFile; fileRef = 78B0D5BA1DEEEA9400B74628 /* CountriesTableViewController.m */; };
		78B0D5BD1DEEF0CE00B74628 /* CountryTableViewController.swift in Sources */ = {isa = PBXBuildFile; fileRef = 78B0D5BC1DEEF0CE00B74628 /* CountryTableViewController.swift */; };
		78B60A651DA61E670073C94B /* SurveyListViewController.swift in Sources */ = {isa = PBXBuildFile; fileRef = 78B60A621DA61E670073C94B /* SurveyListViewController.swift */; };
		78B60A661DA61E670073C94B /* SurveyTableViewCell.swift in Sources */ = {isa = PBXBuildFile; fileRef = 78B60A631DA61E670073C94B /* SurveyTableViewCell.swift */; };
		78B60A671DA61E670073C94B /* TakeSurveyViewController.swift in Sources */ = {isa = PBXBuildFile; fileRef = 78B60A641DA61E670073C94B /* TakeSurveyViewController.swift */; };
		78B60A691DA61EA20073C94B /* DemoSurveyViewController.swift in Sources */ = {isa = PBXBuildFile; fileRef = 78B60A681DA61EA20073C94B /* DemoSurveyViewController.swift */; };
		78B60A6C1DA629970073C94B /* DemoSurveyViewController.m in Sources */ = {isa = PBXBuildFile; fileRef = 78B60A6B1DA629970073C94B /* DemoSurveyViewController.m */; };
		78B60A731DA62A610073C94B /* SurveyListViewController.m in Sources */ = {isa = PBXBuildFile; fileRef = 78B60A6E1DA62A610073C94B /* SurveyListViewController.m */; };
		78B60A741DA62A610073C94B /* SurveyTableViewCell.m in Sources */ = {isa = PBXBuildFile; fileRef = 78B60A701DA62A610073C94B /* SurveyTableViewCell.m */; };
		78B60A751DA62A610073C94B /* TakeSurveyViewController.m in Sources */ = {isa = PBXBuildFile; fileRef = 78B60A721DA62A610073C94B /* TakeSurveyViewController.m */; };
		78B60A7A1DA64DA40073C94B /* GeofencingViewController.m in Sources */ = {isa = PBXBuildFile; fileRef = 78B60A791DA64DA40073C94B /* GeofencingViewController.m */; };
		78B60A7C1DA64E850073C94B /* GeofencingViewController.swift in Sources */ = {isa = PBXBuildFile; fileRef = 78B60A7B1DA64E850073C94B /* GeofencingViewController.swift */; };
		78EFAAA21E7A657E0017790C /* libxml2.2.tbd in Frameworks */ = {isa = PBXBuildFile; fileRef = 786AB6141E7A57C000D895DE /* libxml2.2.tbd */; };
/* End PBXBuildFile section */

/* Begin PBXFileReference section */
		138ED3BB1DA3CBE500424A8D /* SDKDemo.app */ = {isa = PBXFileReference; explicitFileType = wrapper.application; includeInIndex = 0; path = SDKDemo.app; sourceTree = BUILT_PRODUCTS_DIR; };
		138ED3BF1DA3CFD100424A8D /* AuthenticationViewController.h */ = {isa = PBXFileReference; fileEncoding = 4; lastKnownFileType = sourcecode.c.h; path = AuthenticationViewController.h; sourceTree = "<group>"; };
		138ED3C01DA3CFD100424A8D /* AuthenticationViewController.m */ = {isa = PBXFileReference; fileEncoding = 4; lastKnownFileType = sourcecode.c.objc; path = AuthenticationViewController.m; sourceTree = "<group>"; };
		138ED3C11DA3CFD100424A8D /* ChangePasswordViewController.h */ = {isa = PBXFileReference; fileEncoding = 4; lastKnownFileType = sourcecode.c.h; path = ChangePasswordViewController.h; sourceTree = "<group>"; };
		138ED3C21DA3CFD100424A8D /* ChangePasswordViewController.m */ = {isa = PBXFileReference; fileEncoding = 4; lastKnownFileType = sourcecode.c.objc; path = ChangePasswordViewController.m; sourceTree = "<group>"; };
		138ED3C31DA3CFD100424A8D /* DownloadMediaViewController.h */ = {isa = PBXFileReference; fileEncoding = 4; lastKnownFileType = sourcecode.c.h; path = DownloadMediaViewController.h; sourceTree = "<group>"; };
		138ED3C41DA3CFD100424A8D /* DownloadMediaViewController.m */ = {isa = PBXFileReference; fileEncoding = 4; lastKnownFileType = sourcecode.c.objc; path = DownloadMediaViewController.m; sourceTree = "<group>"; };
		138ED3C51DA3CFD100424A8D /* ForgotPasswordViewController.h */ = {isa = PBXFileReference; fileEncoding = 4; lastKnownFileType = sourcecode.c.h; path = ForgotPasswordViewController.h; sourceTree = "<group>"; };
		138ED3C61DA3CFD100424A8D /* ForgotPasswordViewController.m */ = {isa = PBXFileReference; fileEncoding = 4; lastKnownFileType = sourcecode.c.objc; path = ForgotPasswordViewController.m; sourceTree = "<group>"; };
		138ED3C71DA3CFD100424A8D /* GetPanellistProfileViewController.h */ = {isa = PBXFileReference; fileEncoding = 4; lastKnownFileType = sourcecode.c.h; path = GetPanellistProfileViewController.h; sourceTree = "<group>"; };
		138ED3C81DA3CFD100424A8D /* GetPanellistProfileViewController.m */ = {isa = PBXFileReference; fileEncoding = 4; lastKnownFileType = sourcecode.c.objc; path = GetPanellistProfileViewController.m; sourceTree = "<group>"; };
		138ED3C91DA3CFD100424A8D /* GetPanelsViewController.h */ = {isa = PBXFileReference; fileEncoding = 4; lastKnownFileType = sourcecode.c.h; path = GetPanelsViewController.h; sourceTree = "<group>"; };
		138ED3CA1DA3CFD100424A8D /* GetPanelsViewController.m */ = {isa = PBXFileReference; fileEncoding = 4; lastKnownFileType = sourcecode.c.objc; path = GetPanelsViewController.m; sourceTree = "<group>"; };
		138ED3CB1DA3CFD100424A8D /* GetScriptViewController.h */ = {isa = PBXFileReference; fileEncoding = 4; lastKnownFileType = sourcecode.c.h; path = GetScriptViewController.h; sourceTree = "<group>"; };
		138ED3CC1DA3CFD100424A8D /* GetScriptViewController.m */ = {isa = PBXFileReference; fileEncoding = 4; lastKnownFileType = sourcecode.c.objc; path = GetScriptViewController.m; sourceTree = "<group>"; };
		138ED3CD1DA3CFD100424A8D /* GetSurveysViewController.h */ = {isa = PBXFileReference; fileEncoding = 4; lastKnownFileType = sourcecode.c.h; path = GetSurveysViewController.h; sourceTree = "<group>"; };
		138ED3CE1DA3CFD100424A8D /* GetSurveysViewController.m */ = {isa = PBXFileReference; fileEncoding = 4; lastKnownFileType = sourcecode.c.objc; path = GetSurveysViewController.m; sourceTree = "<group>"; };
		138ED3CF1DA3CFD100424A8D /* SurveyTableViewController.h */ = {isa = PBXFileReference; fileEncoding = 4; lastKnownFileType = sourcecode.c.h; path = SurveyTableViewController.h; sourceTree = "<group>"; };
		138ED3D01DA3CFD100424A8D /* SurveyTableViewController.m */ = {isa = PBXFileReference; fileEncoding = 4; lastKnownFileType = sourcecode.c.objc; path = SurveyTableViewController.m; sourceTree = "<group>"; };
		138ED3D11DA3CFD100424A8D /* UpdatePanelistProfileViewController.h */ = {isa = PBXFileReference; fileEncoding = 4; lastKnownFileType = sourcecode.c.h; path = UpdatePanelistProfileViewController.h; sourceTree = "<group>"; };
		138ED3D21DA3CFD100424A8D /* UpdatePanelistProfileViewController.m */ = {isa = PBXFileReference; fileEncoding = 4; lastKnownFileType = sourcecode.c.objc; path = UpdatePanelistProfileViewController.m; sourceTree = "<group>"; };
		138ED3D31DA3CFD100424A8D /* UploadMediaViewController.h */ = {isa = PBXFileReference; fileEncoding = 4; lastKnownFileType = sourcecode.c.h; path = UploadMediaViewController.h; sourceTree = "<group>"; };
		138ED3D41DA3CFD100424A8D /* UploadMediaViewController.m */ = {isa = PBXFileReference; fileEncoding = 4; lastKnownFileType = sourcecode.c.objc; path = UploadMediaViewController.m; sourceTree = "<group>"; };
		138ED3D51DA3CFD100424A8D /* ApiTableViewController.h */ = {isa = PBXFileReference; fileEncoding = 4; lastKnownFileType = sourcecode.c.h; path = ApiTableViewController.h; sourceTree = "<group>"; };
		138ED3D61DA3CFD100424A8D /* ApiTableViewController.m */ = {isa = PBXFileReference; fileEncoding = 4; lastKnownFileType = sourcecode.c.objc; path = ApiTableViewController.m; sourceTree = "<group>"; };
		138ED3D71DA3CFD100424A8D /* AppDelegate.h */ = {isa = PBXFileReference; fileEncoding = 4; lastKnownFileType = sourcecode.c.h; path = AppDelegate.h; sourceTree = "<group>"; };
		138ED3D81DA3CFD100424A8D /* AppDelegate.m */ = {isa = PBXFileReference; fileEncoding = 4; lastKnownFileType = sourcecode.c.objc; path = AppDelegate.m; sourceTree = "<group>"; };
		138ED3D91DA3CFD100424A8D /* Assets.xcassets */ = {isa = PBXFileReference; lastKnownFileType = folder.assetcatalog; path = Assets.xcassets; sourceTree = "<group>"; };
		138ED3DB1DA3CFD100424A8D /* Base */ = {isa = PBXFileReference; lastKnownFileType = file.storyboard; name = Base; path = Base.lproj/LaunchScreen.storyboard; sourceTree = "<group>"; };
		138ED3DD1DA3CFD100424A8D /* Base */ = {isa = PBXFileReference; lastKnownFileType = file.storyboard; name = Base; path = Base.lproj/Main.storyboard; sourceTree = "<group>"; };
		138ED3DE1DA3CFD100424A8D /* Info.plist */ = {isa = PBXFileReference; fileEncoding = 4; lastKnownFileType = text.plist.xml; path = Info.plist; sourceTree = "<group>"; };
		138ED3DF1DA3CFD100424A8D /* main.m */ = {isa = PBXFileReference; fileEncoding = 4; lastKnownFileType = sourcecode.c.objc; path = main.m; sourceTree = "<group>"; };
		138ED3E01DA3CFD100424A8D /* ViewController.h */ = {isa = PBXFileReference; fileEncoding = 4; lastKnownFileType = sourcecode.c.h; path = ViewController.h; sourceTree = "<group>"; };
		138ED3E11DA3CFD100424A8D /* ViewController.m */ = {isa = PBXFileReference; fileEncoding = 4; lastKnownFileType = sourcecode.c.objc; path = ViewController.m; sourceTree = "<group>"; };
		138ED3F91DA3D19500424A8D /* SDKDemo-Swift.app */ = {isa = PBXFileReference; explicitFileType = wrapper.application; includeInIndex = 0; path = "SDKDemo-Swift.app"; sourceTree = BUILT_PRODUCTS_DIR; };
		138ED3FB1DA3D19500424A8D /* AppDelegate.swift */ = {isa = PBXFileReference; lastKnownFileType = sourcecode.swift; path = AppDelegate.swift; sourceTree = "<group>"; };
		138ED3FD1DA3D19500424A8D /* ApiTableViewController.swift */ = {isa = PBXFileReference; lastKnownFileType = sourcecode.swift; path = ApiTableViewController.swift; sourceTree = "<group>"; };
		138ED4001DA3D19500424A8D /* Base */ = {isa = PBXFileReference; lastKnownFileType = file.storyboard; name = Base; path = Base.lproj/Main.storyboard; sourceTree = "<group>"; };
		138ED4031DA3D19500424A8D /* SDKDemo_Swift.xcdatamodel */ = {isa = PBXFileReference; lastKnownFileType = wrapper.xcdatamodel; path = SDKDemo_Swift.xcdatamodel; sourceTree = "<group>"; };
		138ED4051DA3D19500424A8D /* Assets.xcassets */ = {isa = PBXFileReference; lastKnownFileType = folder.assetcatalog; path = Assets.xcassets; sourceTree = "<group>"; };
		138ED4081DA3D19500424A8D /* Base */ = {isa = PBXFileReference; lastKnownFileType = file.storyboard; name = Base; path = Base.lproj/LaunchScreen.storyboard; sourceTree = "<group>"; };
		138ED40A1DA3D19500424A8D /* Info.plist */ = {isa = PBXFileReference; lastKnownFileType = text.plist.xml; path = Info.plist; sourceTree = "<group>"; };
		138ED43C1DA3D44E00424A8D /* AuthenticationViewController.swift */ = {isa = PBXFileReference; fileEncoding = 4; lastKnownFileType = sourcecode.swift; path = AuthenticationViewController.swift; sourceTree = "<group>"; };
		138ED43E1DA3D46200424A8D /* ChangePasswordViewController.swift */ = {isa = PBXFileReference; fileEncoding = 4; lastKnownFileType = sourcecode.swift; path = ChangePasswordViewController.swift; sourceTree = "<group>"; };
		138ED4401DA3D47600424A8D /* DownloadMediaViewController.swift */ = {isa = PBXFileReference; fileEncoding = 4; lastKnownFileType = sourcecode.swift; path = DownloadMediaViewController.swift; sourceTree = "<group>"; };
		138ED4421DA3D48B00424A8D /* ForgotPasswordViewController.swift */ = {isa = PBXFileReference; fileEncoding = 4; lastKnownFileType = sourcecode.swift; path = ForgotPasswordViewController.swift; sourceTree = "<group>"; };
		138ED4441DA3D4D200424A8D /* GetPanellistProfileViewController.swift */ = {isa = PBXFileReference; fileEncoding = 4; lastKnownFileType = sourcecode.swift; path = GetPanellistProfileViewController.swift; sourceTree = "<group>"; };
		138ED4461DA3D4E300424A8D /* GetPanelsViewController.swift */ = {isa = PBXFileReference; fileEncoding = 4; lastKnownFileType = sourcecode.swift; path = GetPanelsViewController.swift; sourceTree = "<group>"; };
		138ED4481DA3D4F100424A8D /* GetScriptViewController.swift */ = {isa = PBXFileReference; fileEncoding = 4; lastKnownFileType = sourcecode.swift; path = GetScriptViewController.swift; sourceTree = "<group>"; };
		138ED44A1DA3D4FF00424A8D /* GetSurveysViewController.swift */ = {isa = PBXFileReference; fileEncoding = 4; lastKnownFileType = sourcecode.swift; path = GetSurveysViewController.swift; sourceTree = "<group>"; };
		138ED44C1DA3D51D00424A8D /* UpdatePanellistProfileViewController.swift */ = {isa = PBXFileReference; fileEncoding = 4; lastKnownFileType = sourcecode.swift; path = UpdatePanellistProfileViewController.swift; sourceTree = "<group>"; };
		138ED44E1DA3D52A00424A8D /* UploadMediaViewController.swift */ = {isa = PBXFileReference; fileEncoding = 4; lastKnownFileType = sourcecode.swift; path = UploadMediaViewController.swift; sourceTree = "<group>"; };
		7859F9DD1DA4C4D20041E447 /* SurveyTableViewController.swift */ = {isa = PBXFileReference; fileEncoding = 4; lastKnownFileType = sourcecode.swift; path = SurveyTableViewController.swift; sourceTree = "<group>"; };
		7859F9E11DA4C9290041E447 /* SDKDemoApp-Swift-Bridging-Header.h */ = {isa = PBXFileReference; lastKnownFileType = sourcecode.c.h; path = "SDKDemoApp-Swift-Bridging-Header.h"; sourceTree = "<group>"; };
		7859F9E71DA4CACE0041E447 /* OPGResourceBundle.bundle */ = {isa = PBXFileReference; lastKnownFileType = "wrapper.plug-in"; path = OPGResourceBundle.bundle; sourceTree = "<group>"; };
		786AB60F1E7A55A900D895DE /* libOnePointSDK.a */ = {isa = PBXFileReference; lastKnownFileType = archive.ar; name = libOnePointSDK.a; path = lib/libOnePointSDK.a; sourceTree = "<group>"; };
		786AB6141E7A57C000D895DE /* libxml2.2.tbd */ = {isa = PBXFileReference; lastKnownFileType = "sourcecode.text-based-dylib-definition"; name = libxml2.2.tbd; path = usr/lib/libxml2.2.tbd; sourceTree = SDKROOT; };
		787B10141DF005F100B6DFC4 /* AuthenticationWithSocialMediaViewController.h */ = {isa = PBXFileReference; fileEncoding = 4; lastKnownFileType = sourcecode.c.h; path = AuthenticationWithSocialMediaViewController.h; sourceTree = "<group>"; };
		787B10151DF005F100B6DFC4 /* AuthenticationWithSocialMediaViewController.m */ = {isa = PBXFileReference; fileEncoding = 4; lastKnownFileType = sourcecode.c.objc; path = AuthenticationWithSocialMediaViewController.m; sourceTree = "<group>"; };
		787B10171DF0259100B6DFC4 /* AuthenticationWithSocialMediaViewController.swift */ = {isa = PBXFileReference; fileEncoding = 4; lastKnownFileType = sourcecode.swift; path = AuthenticationWithSocialMediaViewController.swift; sourceTree = "<group>"; };
		78AF775C1D9E372300048689 /* libz.tbd */ = {isa = PBXFileReference; lastKnownFileType = "sourcecode.text-based-dylib-definition"; name = libz.tbd; path = usr/lib/libz.tbd; sourceTree = SDKROOT; };
		78AF775E1D9E372A00048689 /* libiconv.tbd */ = {isa = PBXFileReference; lastKnownFileType = "sourcecode.text-based-dylib-definition"; name = libiconv.tbd; path = usr/lib/libiconv.tbd; sourceTree = SDKROOT; };
		78AF77601D9E373000048689 /* libsqlite3.tbd */ = {isa = PBXFileReference; lastKnownFileType = "sourcecode.text-based-dylib-definition"; name = libsqlite3.tbd; path = usr/lib/libsqlite3.tbd; sourceTree = SDKROOT; };
		78AF77621D9E373700048689 /* libc++.tbd */ = {isa = PBXFileReference; lastKnownFileType = "sourcecode.text-based-dylib-definition"; name = "libc++.tbd"; path = "usr/lib/libc++.tbd"; sourceTree = SDKROOT; };
		78AF77661D9E376D00048689 /* OPGResourceBundle.bundle */ = {isa = PBXFileReference; lastKnownFileType = "wrapper.plug-in"; path = OPGResourceBundle.bundle; sourceTree = "<group>"; };
		78B0D5B91DEEEA9400B74628 /* CountriesTableViewController.h */ = {isa = PBXFileReference; fileEncoding = 4; lastKnownFileType = sourcecode.c.h; path = CountriesTableViewController.h; sourceTree = "<group>"; };
		78B0D5BA1DEEEA9400B74628 /* CountriesTableViewController.m */ = {isa = PBXFileReference; fileEncoding = 4; lastKnownFileType = sourcecode.c.objc; path = CountriesTableViewController.m; sourceTree = "<group>"; };
		78B0D5BC1DEEF0CE00B74628 /* CountryTableViewController.swift */ = {isa = PBXFileReference; fileEncoding = 4; lastKnownFileType = sourcecode.swift; path = CountryTableViewController.swift; sourceTree = "<group>"; };
		78B60A621DA61E670073C94B /* SurveyListViewController.swift */ = {isa = PBXFileReference; fileEncoding = 4; lastKnownFileType = sourcecode.swift; path = SurveyListViewController.swift; sourceTree = "<group>"; };
		78B60A631DA61E670073C94B /* SurveyTableViewCell.swift */ = {isa = PBXFileReference; fileEncoding = 4; lastKnownFileType = sourcecode.swift; path = SurveyTableViewCell.swift; sourceTree = "<group>"; };
		78B60A641DA61E670073C94B /* TakeSurveyViewController.swift */ = {isa = PBXFileReference; fileEncoding = 4; lastKnownFileType = sourcecode.swift; path = TakeSurveyViewController.swift; sourceTree = "<group>"; };
		78B60A681DA61EA20073C94B /* DemoSurveyViewController.swift */ = {isa = PBXFileReference; fileEncoding = 4; lastKnownFileType = sourcecode.swift; path = DemoSurveyViewController.swift; sourceTree = "<group>"; };
		78B60A6A1DA629970073C94B /* DemoSurveyViewController.h */ = {isa = PBXFileReference; fileEncoding = 4; lastKnownFileType = sourcecode.c.h; path = DemoSurveyViewController.h; sourceTree = "<group>"; };
		78B60A6B1DA629970073C94B /* DemoSurveyViewController.m */ = {isa = PBXFileReference; fileEncoding = 4; lastKnownFileType = sourcecode.c.objc; path = DemoSurveyViewController.m; sourceTree = "<group>"; };
		78B60A6D1DA62A610073C94B /* SurveyListViewController.h */ = {isa = PBXFileReference; fileEncoding = 4; lastKnownFileType = sourcecode.c.h; path = SurveyListViewController.h; sourceTree = "<group>"; };
		78B60A6E1DA62A610073C94B /* SurveyListViewController.m */ = {isa = PBXFileReference; fileEncoding = 4; lastKnownFileType = sourcecode.c.objc; path = SurveyListViewController.m; sourceTree = "<group>"; };
		78B60A6F1DA62A610073C94B /* SurveyTableViewCell.h */ = {isa = PBXFileReference; fileEncoding = 4; lastKnownFileType = sourcecode.c.h; path = SurveyTableViewCell.h; sourceTree = "<group>"; };
		78B60A701DA62A610073C94B /* SurveyTableViewCell.m */ = {isa = PBXFileReference; fileEncoding = 4; lastKnownFileType = sourcecode.c.objc; path = SurveyTableViewCell.m; sourceTree = "<group>"; };
		78B60A711DA62A610073C94B /* TakeSurveyViewController.h */ = {isa = PBXFileReference; fileEncoding = 4; lastKnownFileType = sourcecode.c.h; path = TakeSurveyViewController.h; sourceTree = "<group>"; };
		78B60A721DA62A610073C94B /* TakeSurveyViewController.m */ = {isa = PBXFileReference; fileEncoding = 4; lastKnownFileType = sourcecode.c.objc; path = TakeSurveyViewController.m; sourceTree = "<group>"; };
		78B60A781DA64DA40073C94B /* GeofencingViewController.h */ = {isa = PBXFileReference; fileEncoding = 4; lastKnownFileType = sourcecode.c.h; path = GeofencingViewController.h; sourceTree = "<group>"; };
		78B60A791DA64DA40073C94B /* GeofencingViewController.m */ = {isa = PBXFileReference; fileEncoding = 4; lastKnownFileType = sourcecode.c.objc; path = GeofencingViewController.m; sourceTree = "<group>"; };
		78B60A7B1DA64E850073C94B /* GeofencingViewController.swift */ = {isa = PBXFileReference; fileEncoding = 4; lastKnownFileType = sourcecode.swift; path = GeofencingViewController.swift; sourceTree = "<group>"; };
/* End PBXFileReference section */

/* Begin PBXFrameworksBuildPhase section */
		138ED3AD1DA3CBE500424A8D /* Frameworks */ = {
			isa = PBXFrameworksBuildPhase;
			buildActionMask = 2147483647;
			files = (
				786AB6151E7A57C000D895DE /* libxml2.2.tbd in Frameworks */,
				786AB6111E7A55B300D895DE /* libOnePointSDK.a in Frameworks */,
				138ED3AF1DA3CBE500424A8D /* libc++.tbd in Frameworks */,
				138ED3B01DA3CBE500424A8D /* libsqlite3.tbd in Frameworks */,
				138ED3B11DA3CBE500424A8D /* libiconv.tbd in Frameworks */,
				138ED3B21DA3CBE500424A8D /* libz.tbd in Frameworks */,
			);
			runOnlyForDeploymentPostprocessing = 0;
		};
		138ED3F61DA3D19500424A8D /* Frameworks */ = {
			isa = PBXFrameworksBuildPhase;
			buildActionMask = 2147483647;
			files = (
				78EFAAA21E7A657E0017790C /* libxml2.2.tbd in Frameworks */,
				786AB6101E7A55A900D895DE /* libOnePointSDK.a in Frameworks */,
				7859F9E51DA4CAAF0041E447 /* libz.tbd in Frameworks */,
				7859F9E41DA4CAAA0041E447 /* libiconv.tbd in Frameworks */,
				7859F9E31DA4CAA40041E447 /* libsqlite3.tbd in Frameworks */,
				7859F9E21DA4CA9E0041E447 /* libc++.tbd in Frameworks */,
			);
			runOnlyForDeploymentPostprocessing = 0;
		};
/* End PBXFrameworksBuildPhase section */

/* Begin PBXGroup section */
		138ED3BD1DA3CFD100424A8D /* SDKDemo */ = {
			isa = PBXGroup;
			children = (
				138ED3D71DA3CFD100424A8D /* AppDelegate.h */,
				138ED3D81DA3CFD100424A8D /* AppDelegate.m */,
				138ED3D51DA3CFD100424A8D /* ApiTableViewController.h */,
				138ED3D61DA3CFD100424A8D /* ApiTableViewController.m */,
				138ED3BE1DA3CFD100424A8D /* APIControllers */,
				138ED3D91DA3CFD100424A8D /* Assets.xcassets */,
				138ED3DA1DA3CFD100424A8D /* LaunchScreen.storyboard */,
				138ED3DC1DA3CFD100424A8D /* Main.storyboard */,
				138ED3DE1DA3CFD100424A8D /* Info.plist */,
				138ED3DF1DA3CFD100424A8D /* main.m */,
				138ED3E01DA3CFD100424A8D /* ViewController.h */,
				138ED3E11DA3CFD100424A8D /* ViewController.m */,
			);
			path = SDKDemo;
			sourceTree = "<group>";
		};
		138ED3BE1DA3CFD100424A8D /* APIControllers */ = {
			isa = PBXGroup;
			children = (
				138ED3BF1DA3CFD100424A8D /* AuthenticationViewController.h */,
				138ED3C01DA3CFD100424A8D /* AuthenticationViewController.m */,
				138ED3C11DA3CFD100424A8D /* ChangePasswordViewController.h */,
				138ED3C21DA3CFD100424A8D /* ChangePasswordViewController.m */,
				138ED3C31DA3CFD100424A8D /* DownloadMediaViewController.h */,
				138ED3C41DA3CFD100424A8D /* DownloadMediaViewController.m */,
				138ED3C51DA3CFD100424A8D /* ForgotPasswordViewController.h */,
				138ED3C61DA3CFD100424A8D /* ForgotPasswordViewController.m */,
				138ED3C71DA3CFD100424A8D /* GetPanellistProfileViewController.h */,
				138ED3C81DA3CFD100424A8D /* GetPanellistProfileViewController.m */,
				138ED3C91DA3CFD100424A8D /* GetPanelsViewController.h */,
				138ED3CA1DA3CFD100424A8D /* GetPanelsViewController.m */,
				138ED3CB1DA3CFD100424A8D /* GetScriptViewController.h */,
				138ED3CC1DA3CFD100424A8D /* GetScriptViewController.m */,
				138ED3CD1DA3CFD100424A8D /* GetSurveysViewController.h */,
				138ED3CE1DA3CFD100424A8D /* GetSurveysViewController.m */,
				138ED3CF1DA3CFD100424A8D /* SurveyTableViewController.h */,
				138ED3D01DA3CFD100424A8D /* SurveyTableViewController.m */,
				138ED3D11DA3CFD100424A8D /* UpdatePanelistProfileViewController.h */,
				138ED3D21DA3CFD100424A8D /* UpdatePanelistProfileViewController.m */,
				138ED3D31DA3CFD100424A8D /* UploadMediaViewController.h */,
				138ED3D41DA3CFD100424A8D /* UploadMediaViewController.m */,
				78B60A6A1DA629970073C94B /* DemoSurveyViewController.h */,
				78B60A6B1DA629970073C94B /* DemoSurveyViewController.m */,
				78B60A6D1DA62A610073C94B /* SurveyListViewController.h */,
				78B60A6E1DA62A610073C94B /* SurveyListViewController.m */,
				78B60A6F1DA62A610073C94B /* SurveyTableViewCell.h */,
				78B60A701DA62A610073C94B /* SurveyTableViewCell.m */,
				78B60A711DA62A610073C94B /* TakeSurveyViewController.h */,
				78B60A721DA62A610073C94B /* TakeSurveyViewController.m */,
				78B60A781DA64DA40073C94B /* GeofencingViewController.h */,
				78B60A791DA64DA40073C94B /* GeofencingViewController.m */,
				78B0D5B91DEEEA9400B74628 /* CountriesTableViewController.h */,
				78B0D5BA1DEEEA9400B74628 /* CountriesTableViewController.m */,
				787B10141DF005F100B6DFC4 /* AuthenticationWithSocialMediaViewController.h */,
				787B10151DF005F100B6DFC4 /* AuthenticationWithSocialMediaViewController.m */,
			);
			path = APIControllers;
			sourceTree = "<group>";
		};
		138ED3FA1DA3D19500424A8D /* SDKDemo-Swift */ = {
			isa = PBXGroup;
			children = (
				138ED3FB1DA3D19500424A8D /* AppDelegate.swift */,
				138ED3FD1DA3D19500424A8D /* ApiTableViewController.swift */,
				7859F9E11DA4C9290041E447 /* SDKDemoApp-Swift-Bridging-Header.h */,
				138ED42B1DA3D32000424A8D /* APIControllers-Swift */,
				138ED3FF1DA3D19500424A8D /* Main.storyboard */,
				138ED4051DA3D19500424A8D /* Assets.xcassets */,
				138ED4071DA3D19500424A8D /* LaunchScreen.storyboard */,
				138ED40A1DA3D19500424A8D /* Info.plist */,
				138ED4021DA3D19500424A8D /* SDKDemo_Swift.xcdatamodeld */,
			);
			path = "SDKDemo-Swift";
			sourceTree = "<group>";
		};
		138ED42B1DA3D32000424A8D /* APIControllers-Swift */ = {
			isa = PBXGroup;
			children = (
				138ED43C1DA3D44E00424A8D /* AuthenticationViewController.swift */,
				138ED43E1DA3D46200424A8D /* ChangePasswordViewController.swift */,
				138ED4401DA3D47600424A8D /* DownloadMediaViewController.swift */,
				138ED4421DA3D48B00424A8D /* ForgotPasswordViewController.swift */,
				78B60A681DA61EA20073C94B /* DemoSurveyViewController.swift */,
				78B60A621DA61E670073C94B /* SurveyListViewController.swift */,
				78B60A631DA61E670073C94B /* SurveyTableViewCell.swift */,
				78B60A641DA61E670073C94B /* TakeSurveyViewController.swift */,
				138ED4441DA3D4D200424A8D /* GetPanellistProfileViewController.swift */,
				138ED4461DA3D4E300424A8D /* GetPanelsViewController.swift */,
				138ED4481DA3D4F100424A8D /* GetScriptViewController.swift */,
				138ED44A1DA3D4FF00424A8D /* GetSurveysViewController.swift */,
				138ED44C1DA3D51D00424A8D /* UpdatePanellistProfileViewController.swift */,
				138ED44E1DA3D52A00424A8D /* UploadMediaViewController.swift */,
				7859F9DD1DA4C4D20041E447 /* SurveyTableViewController.swift */,
				78B60A7B1DA64E850073C94B /* GeofencingViewController.swift */,
				78B0D5BC1DEEF0CE00B74628 /* CountryTableViewController.swift */,
				787B10171DF0259100B6DFC4 /* AuthenticationWithSocialMediaViewController.swift */,
			);
			path = "APIControllers-Swift";
			sourceTree = "<group>";
		};
		78AF77381D9E34C800048689 = {
			isa = PBXGroup;
			children = (
				7859F9E71DA4CACE0041E447 /* OPGResourceBundle.bundle */,
				138ED3BD1DA3CFD100424A8D /* SDKDemo */,
				138ED3FA1DA3D19500424A8D /* SDKDemo-Swift */,
				78AF77661D9E376D00048689 /* OPGResourceBundle.bundle */,
				78AF77421D9E34C900048689 /* Products */,
				78AF775B1D9E372300048689 /* Frameworks */,
			);
			sourceTree = "<group>";
		};
		78AF77421D9E34C900048689 /* Products */ = {
			isa = PBXGroup;
			children = (
				138ED3BB1DA3CBE500424A8D /* SDKDemo.app */,
				138ED3F91DA3D19500424A8D /* SDKDemo-Swift.app */,
			);
			name = Products;
			sourceTree = "<group>";
		};
		78AF775B1D9E372300048689 /* Frameworks */ = {
			isa = PBXGroup;
			children = (
				786AB6141E7A57C000D895DE /* libxml2.2.tbd */,
				786AB60F1E7A55A900D895DE /* libOnePointSDK.a */,
				78AF77621D9E373700048689 /* libc++.tbd */,
				78AF77601D9E373000048689 /* libsqlite3.tbd */,
				78AF775E1D9E372A00048689 /* libiconv.tbd */,
				78AF775C1D9E372300048689 /* libz.tbd */,
			);
			name = Frameworks;
			sourceTree = "<group>";
		};
/* End PBXGroup section */

/* Begin PBXNativeTarget section */
		138ED39C1DA3CBE500424A8D /* SDKDemo */ = {
			isa = PBXNativeTarget;
			buildConfigurationList = 138ED3B81DA3CBE500424A8D /* Build configuration list for PBXNativeTarget "SDKDemo" */;
			buildPhases = (
				138ED39D1DA3CBE500424A8D /* Sources */,
				138ED3AD1DA3CBE500424A8D /* Frameworks */,
				138ED3B31DA3CBE500424A8D /* Resources */,
			);
			buildRules = (
			);
			dependencies = (
			);
			name = SDKDemo;
			productName = iosopgdemosurveys;
			productReference = 138ED3BB1DA3CBE500424A8D /* SDKDemo.app */;
			productType = "com.apple.product-type.application";
		};
		138ED3F81DA3D19500424A8D /* SDKDemo-Swift */ = {
			isa = PBXNativeTarget;
			buildConfigurationList = 138ED4271DA3D19500424A8D /* Build configuration list for PBXNativeTarget "SDKDemo-Swift" */;
			buildPhases = (
				138ED3F51DA3D19500424A8D /* Sources */,
				138ED3F61DA3D19500424A8D /* Frameworks */,
				138ED3F71DA3D19500424A8D /* Resources */,
			);
			buildRules = (
			);
			dependencies = (
			);
			name = "SDKDemo-Swift";
			productName = "SDKDemo-Swift";
			productReference = 138ED3F91DA3D19500424A8D /* SDKDemo-Swift.app */;
			productType = "com.apple.product-type.application";
		};
/* End PBXNativeTarget section */

/* Begin PBXProject section */
		78AF77391D9E34C900048689 /* Project object */ = {
			isa = PBXProject;
			attributes = {
				LastSwiftUpdateCheck = 0800;
				LastUpgradeCheck = 0800;
				ORGANIZATIONNAME = opg;
				TargetAttributes = {
					138ED39C1DA3CBE500424A8D = {
						DevelopmentTeam = 7FK8U2PHL6;
					};
					138ED3F81DA3D19500424A8D = {
						CreatedOnToolsVersion = 8.0;
						DevelopmentTeam = 7FK8U2PHL6;
						ProvisioningStyle = Automatic;
					};
				};
			};
			buildConfigurationList = 78AF773C1D9E34C900048689 /* Build configuration list for PBXProject "SDKDemoApp" */;
			compatibilityVersion = "Xcode 3.2";
			developmentRegion = English;
			hasScannedForEncodings = 0;
			knownRegions = (
				en,
				Base,
			);
			mainGroup = 78AF77381D9E34C800048689;
			productRefGroup = 78AF77421D9E34C900048689 /* Products */;
			projectDirPath = "";
			projectRoot = "";
			targets = (
				138ED39C1DA3CBE500424A8D /* SDKDemo */,
				138ED3F81DA3D19500424A8D /* SDKDemo-Swift */,
			);
		};
/* End PBXProject section */

/* Begin PBXResourcesBuildPhase section */
		138ED3B31DA3CBE500424A8D /* Resources */ = {
			isa = PBXResourcesBuildPhase;
			buildActionMask = 2147483647;
			files = (
				138ED3F01DA3CFD100424A8D /* LaunchScreen.storyboard in Resources */,
				138ED3EF1DA3CFD100424A8D /* Assets.xcassets in Resources */,
				138ED3B41DA3CBE500424A8D /* OPGResourceBundle.bundle in Resources */,
				138ED3F21DA3CFD100424A8D /* Info.plist in Resources */,
				138ED3F11DA3CFD100424A8D /* Main.storyboard in Resources */,
			);
			runOnlyForDeploymentPostprocessing = 0;
		};
		138ED3F71DA3D19500424A8D /* Resources */ = {
			isa = PBXResourcesBuildPhase;
			buildActionMask = 2147483647;
			files = (
				7859F9E81DA4CACE0041E447 /* OPGResourceBundle.bundle in Resources */,
				138ED4091DA3D19500424A8D /* LaunchScreen.storyboard in Resources */,
				138ED4061DA3D19500424A8D /* Assets.xcassets in Resources */,
				138ED4011DA3D19500424A8D /* Main.storyboard in Resources */,
			);
			runOnlyForDeploymentPostprocessing = 0;
		};
/* End PBXResourcesBuildPhase section */

/* Begin PBXSourcesBuildPhase section */
		138ED39D1DA3CBE500424A8D /* Sources */ = {
			isa = PBXSourcesBuildPhase;
			buildActionMask = 2147483647;
			files = (
				138ED3ED1DA3CFD100424A8D /* ApiTableViewController.m in Sources */,
				138ED3E81DA3CFD100424A8D /* GetScriptViewController.m in Sources */,
				787B10161DF005F100B6DFC4 /* AuthenticationWithSocialMediaViewController.m in Sources */,
				138ED3E61DA3CFD100424A8D /* GetPanellistProfileViewController.m in Sources */,
				78B60A751DA62A610073C94B /* TakeSurveyViewController.m in Sources */,
				138ED3E51DA3CFD100424A8D /* ForgotPasswordViewController.m in Sources */,
				78B60A7A1DA64DA40073C94B /* GeofencingViewController.m in Sources */,
				78B60A731DA62A610073C94B /* SurveyListViewController.m in Sources */,
				138ED3EC1DA3CFD100424A8D /* UploadMediaViewController.m in Sources */,
				138ED3E71DA3CFD100424A8D /* GetPanelsViewController.m in Sources */,
				78B0D5BB1DEEEA9400B74628 /* CountriesTableViewController.m in Sources */,
				138ED3E21DA3CFD100424A8D /* AuthenticationViewController.m in Sources */,
				78B60A6C1DA629970073C94B /* DemoSurveyViewController.m in Sources */,
				138ED3EE1DA3CFD100424A8D /* AppDelegate.m in Sources */,
				138ED3E91DA3CFD100424A8D /* GetSurveysViewController.m in Sources */,
				138ED3F41DA3CFD100424A8D /* ViewController.m in Sources */,
				138ED3EA1DA3CFD100424A8D /* SurveyTableViewController.m in Sources */,
				138ED3EB1DA3CFD100424A8D /* UpdatePanelistProfileViewController.m in Sources */,
				138ED3E41DA3CFD100424A8D /* DownloadMediaViewController.m in Sources */,
				138ED3F31DA3CFD100424A8D /* main.m in Sources */,
				138ED3E31DA3CFD100424A8D /* ChangePasswordViewController.m in Sources */,
				78B60A741DA62A610073C94B /* SurveyTableViewCell.m in Sources */,
			);
			runOnlyForDeploymentPostprocessing = 0;
		};
		138ED3F51DA3D19500424A8D /* Sources */ = {
			isa = PBXSourcesBuildPhase;
			buildActionMask = 2147483647;
			files = (
				78B0D5BD1DEEF0CE00B74628 /* CountryTableViewController.swift in Sources */,
				138ED43D1DA3D44E00424A8D /* AuthenticationViewController.swift in Sources */,
				138ED4431DA3D48B00424A8D /* ForgotPasswordViewController.swift in Sources */,
				78B60A7C1DA64E850073C94B /* GeofencingViewController.swift in Sources */,
				138ED3FE1DA3D19500424A8D /* ApiTableViewController.swift in Sources */,
				138ED3FC1DA3D19500424A8D /* AppDelegate.swift in Sources */,
				138ED44D1DA3D51D00424A8D /* UpdatePanellistProfileViewController.swift in Sources */,
				78B60A671DA61E670073C94B /* TakeSurveyViewController.swift in Sources */,
				78B60A661DA61E670073C94B /* SurveyTableViewCell.swift in Sources */,
				138ED44B1DA3D4FF00424A8D /* GetSurveysViewController.swift in Sources */,
				138ED43F1DA3D46200424A8D /* ChangePasswordViewController.swift in Sources */,
				138ED4041DA3D19500424A8D /* SDKDemo_Swift.xcdatamodeld in Sources */,
				138ED44F1DA3D52A00424A8D /* UploadMediaViewController.swift in Sources */,
				787B10181DF0259100B6DFC4 /* AuthenticationWithSocialMediaViewController.swift in Sources */,
				138ED4451DA3D4D200424A8D /* GetPanellistProfileViewController.swift in Sources */,
				138ED4411DA3D47600424A8D /* DownloadMediaViewController.swift in Sources */,
				78B60A651DA61E670073C94B /* SurveyListViewController.swift in Sources */,
				7859F9DE1DA4C4D20041E447 /* SurveyTableViewController.swift in Sources */,
				78B60A691DA61EA20073C94B /* DemoSurveyViewController.swift in Sources */,
				138ED4491DA3D4F100424A8D /* GetScriptViewController.swift in Sources */,
				138ED4471DA3D4E300424A8D /* GetPanelsViewController.swift in Sources */,
			);
			runOnlyForDeploymentPostprocessing = 0;
		};
/* End PBXSourcesBuildPhase section */

/* Begin PBXVariantGroup section */
		138ED3DA1DA3CFD100424A8D /* LaunchScreen.storyboard */ = {
			isa = PBXVariantGroup;
			children = (
				138ED3DB1DA3CFD100424A8D /* Base */,
			);
			name = LaunchScreen.storyboard;
			sourceTree = "<group>";
		};
		138ED3DC1DA3CFD100424A8D /* Main.storyboard */ = {
			isa = PBXVariantGroup;
			children = (
				138ED3DD1DA3CFD100424A8D /* Base */,
			);
			name = Main.storyboard;
			sourceTree = "<group>";
		};
		138ED3FF1DA3D19500424A8D /* Main.storyboard */ = {
			isa = PBXVariantGroup;
			children = (
				138ED4001DA3D19500424A8D /* Base */,
			);
			name = Main.storyboard;
			sourceTree = "<group>";
		};
		138ED4071DA3D19500424A8D /* LaunchScreen.storyboard */ = {
			isa = PBXVariantGroup;
			children = (
				138ED4081DA3D19500424A8D /* Base */,
			);
			name = LaunchScreen.storyboard;
			sourceTree = "<group>";
		};
/* End PBXVariantGroup section */

/* Begin XCBuildConfiguration section */
		138ED3B91DA3CBE500424A8D /* Debug */ = {
			isa = XCBuildConfiguration;
			buildSettings = {
				ASSETCATALOG_COMPILER_APPICON_NAME = AppIcon;
				DEVELOPMENT_TEAM = 7FK8U2PHL6;
				HEADER_SEARCH_PATHS = (
					"$(SOURCE_ROOT)/include/**",
					"$(SDKROOT)/usr/include/libxml2",
				);
				INFOPLIST_FILE = SDKDemo/Info.plist;
				IPHONEOS_DEPLOYMENT_TARGET = 9.2;
				LD_RUNPATH_SEARCH_PATHS = "$(inherited) @executable_path/Frameworks";
				LIBRARY_SEARCH_PATHS = (
					"$(inherited)",
					"$(PROJECT_DIR)/include",
					"$(PROJECT_DIR)/lib",
				);
				OTHER_LDFLAGS = (
					"-ObjC",
					"-lz",
					"-lxml2",
				);
				PRODUCT_BUNDLE_IDENTIFIER = com.onepointsurveys.SDKDemo;
				PRODUCT_NAME = "$(TARGET_NAME)";
			};
			name = Debug;
		};
		138ED3BA1DA3CBE500424A8D /* Release */ = {
			isa = XCBuildConfiguration;
			buildSettings = {
				ASSETCATALOG_COMPILER_APPICON_NAME = AppIcon;
				DEVELOPMENT_TEAM = 7FK8U2PHL6;
				HEADER_SEARCH_PATHS = (
					"$(SOURCE_ROOT)/include/**",
					"$(SDKROOT)/usr/include/libxml2",
				);
				INFOPLIST_FILE = SDKDemo/Info.plist;
				IPHONEOS_DEPLOYMENT_TARGET = 9.2;
				LD_RUNPATH_SEARCH_PATHS = "$(inherited) @executable_path/Frameworks";
				LIBRARY_SEARCH_PATHS = (
					"$(inherited)",
					"$(PROJECT_DIR)/include",
					"$(PROJECT_DIR)/lib",
				);
				OTHER_LDFLAGS = (
					"-ObjC",
					"-lz",
					"-lxml2",
				);
				PRODUCT_BUNDLE_IDENTIFIER = com.onepointsurveys.SDKDemo;
				PRODUCT_NAME = "$(TARGET_NAME)";
			};
			name = Release;
		};
		138ED4211DA3D19500424A8D /* Debug */ = {
			isa = XCBuildConfiguration;
			buildSettings = {
				ASSETCATALOG_COMPILER_APPICON_NAME = AppIcon;
				DEVELOPMENT_TEAM = 7FK8U2PHL6;
				HEADER_SEARCH_PATHS = (
					"$(SOURCE_ROOT)/include/**",
					/usr/include/libxml2,
				);
				INFOPLIST_FILE = "SDKDemo-Swift/Info.plist";
				IPHONEOS_DEPLOYMENT_TARGET = 9.2;
				LD_RUNPATH_SEARCH_PATHS = "$(inherited) @executable_path/Frameworks";
				LIBRARY_SEARCH_PATHS = (
					"$(inherited)",
					"$(PROJECT_DIR)/lib",
				);
				OTHER_LDFLAGS = (
					"-ObjC",
					"-lz",
				);
				PRODUCT_BUNDLE_IDENTIFIER = "com.onepointsurveys.SDKDemo-Swift";
				PRODUCT_NAME = "$(TARGET_NAME)";
				SWIFT_ACTIVE_COMPILATION_CONDITIONS = DEBUG;
				SWIFT_OBJC_BRIDGING_HEADER = "$(SRCROOT)/SDKDemo-Swift/$(PROJECT_NAME)-Swift-Bridging-Header.h";
				SWIFT_OPTIMIZATION_LEVEL = "-Onone";
				SWIFT_VERSION = 3.0;
			};
			name = Debug;
		};
		138ED4221DA3D19500424A8D /* Release */ = {
			isa = XCBuildConfiguration;
			buildSettings = {
				ASSETCATALOG_COMPILER_APPICON_NAME = AppIcon;
				DEVELOPMENT_TEAM = 7FK8U2PHL6;
				HEADER_SEARCH_PATHS = (
					"$(SOURCE_ROOT)/include/**",
					/usr/include/libxml2,
				);
				INFOPLIST_FILE = "SDKDemo-Swift/Info.plist";
				IPHONEOS_DEPLOYMENT_TARGET = 9.2;
				LD_RUNPATH_SEARCH_PATHS = "$(inherited) @executable_path/Frameworks";
				LIBRARY_SEARCH_PATHS = (
					"$(inherited)",
					"$(PROJECT_DIR)/lib",
				);
				OTHER_LDFLAGS = (
					"-ObjC",
					"-lz",
				);
				PRODUCT_BUNDLE_IDENTIFIER = "com.onepointsurveys.SDKDemo-Swift";
				PRODUCT_NAME = "$(TARGET_NAME)";
				SWIFT_OBJC_BRIDGING_HEADER = "$(SRCROOT)/SDKDemo-Swift/$(PROJECT_NAME)-Swift-Bridging-Header.h";
				SWIFT_OPTIMIZATION_LEVEL = "-Owholemodule";
				SWIFT_VERSION = 3.0;
			};
			name = Release;
		};
		78AF77561D9E34C900048689 /* Debug */ = {
			isa = XCBuildConfiguration;
			buildSettings = {
				ALWAYS_SEARCH_USER_PATHS = NO;
				CLANG_ANALYZER_NONNULL = YES;
				CLANG_CXX_LANGUAGE_STANDARD = "gnu++0x";
				CLANG_CXX_LIBRARY = "libc++";
				CLANG_ENABLE_MODULES = YES;
				CLANG_ENABLE_OBJC_ARC = YES;
				CLANG_WARN_BOOL_CONVERSION = YES;
				CLANG_WARN_CONSTANT_CONVERSION = YES;
				CLANG_WARN_DIRECT_OBJC_ISA_USAGE = YES_ERROR;
				CLANG_WARN_DOCUMENTATION_COMMENTS = YES;
				CLANG_WARN_EMPTY_BODY = YES;
				CLANG_WARN_ENUM_CONVERSION = YES;
				CLANG_WARN_INFINITE_RECURSION = YES;
				CLANG_WARN_INT_CONVERSION = YES;
				CLANG_WARN_OBJC_ROOT_CLASS = YES_ERROR;
				CLANG_WARN_SUSPICIOUS_MOVES = YES;
				CLANG_WARN_UNREACHABLE_CODE = YES;
				CLANG_WARN__DUPLICATE_METHOD_MATCH = YES;
				"CODE_SIGN_IDENTITY[sdk=iphoneos*]" = "iPhone Developer";
				COPY_PHASE_STRIP = NO;
				DEBUG_INFORMATION_FORMAT = dwarf;
				ENABLE_STRICT_OBJC_MSGSEND = YES;
				ENABLE_TESTABILITY = YES;
				GCC_C_LANGUAGE_STANDARD = gnu99;
				GCC_DYNAMIC_NO_PIC = NO;
				GCC_NO_COMMON_BLOCKS = YES;
				GCC_OPTIMIZATION_LEVEL = 0;
				GCC_PREPROCESSOR_DEFINITIONS = (
					"DEBUG=1",
					"$(inherited)",
				);
				GCC_WARN_64_TO_32_BIT_CONVERSION = YES;
				GCC_WARN_ABOUT_RETURN_TYPE = YES_ERROR;
				GCC_WARN_UNDECLARED_SELECTOR = YES;
				GCC_WARN_UNINITIALIZED_AUTOS = YES_AGGRESSIVE;
				GCC_WARN_UNUSED_FUNCTION = YES;
				GCC_WARN_UNUSED_VARIABLE = YES;
				IPHONEOS_DEPLOYMENT_TARGET = 10.0;
				MTL_ENABLE_DEBUG_INFO = YES;
				ONLY_ACTIVE_ARCH = YES;
				SDKROOT = iphoneos;
			};
			name = Debug;
		};
		78AF77571D9E34C900048689 /* Release */ = {
			isa = XCBuildConfiguration;
			buildSettings = {
				ALWAYS_SEARCH_USER_PATHS = NO;
				CLANG_ANALYZER_NONNULL = YES;
				CLANG_CXX_LANGUAGE_STANDARD = "gnu++0x";
				CLANG_CXX_LIBRARY = "libc++";
				CLANG_ENABLE_MODULES = YES;
				CLANG_ENABLE_OBJC_ARC = YES;
				CLANG_WARN_BOOL_CONVERSION = YES;
				CLANG_WARN_CONSTANT_CONVERSION = YES;
				CLANG_WARN_DIRECT_OBJC_ISA_USAGE = YES_ERROR;
				CLANG_WARN_DOCUMENTATION_COMMENTS = YES;
				CLANG_WARN_EMPTY_BODY = YES;
				CLANG_WARN_ENUM_CONVERSION = YES;
				CLANG_WARN_INFINITE_RECURSION = YES;
				CLANG_WARN_INT_CONVERSION = YES;
				CLANG_WARN_OBJC_ROOT_CLASS = YES_ERROR;
				CLANG_WARN_SUSPICIOUS_MOVES = YES;
				CLANG_WARN_UNREACHABLE_CODE = YES;
				CLANG_WARN__DUPLICATE_METHOD_MATCH = YES;
				"CODE_SIGN_IDENTITY[sdk=iphoneos*]" = "iPhone Developer";
				COPY_PHASE_STRIP = NO;
				DEBUG_INFORMATION_FORMAT = "dwarf-with-dsym";
				ENABLE_NS_ASSERTIONS = NO;
				ENABLE_STRICT_OBJC_MSGSEND = YES;
				GCC_C_LANGUAGE_STANDARD = gnu99;
				GCC_NO_COMMON_BLOCKS = YES;
				GCC_WARN_64_TO_32_BIT_CONVERSION = YES;
				GCC_WARN_ABOUT_RETURN_TYPE = YES_ERROR;
				GCC_WARN_UNDECLARED_SELECTOR = YES;
				GCC_WARN_UNINITIALIZED_AUTOS = YES_AGGRESSIVE;
				GCC_WARN_UNUSED_FUNCTION = YES;
				GCC_WARN_UNUSED_VARIABLE = YES;
				IPHONEOS_DEPLOYMENT_TARGET = 10.0;
				MTL_ENABLE_DEBUG_INFO = NO;
				SDKROOT = iphoneos;
				VALIDATE_PRODUCT = YES;
			};
			name = Release;
		};
/* End XCBuildConfiguration section */

/* Begin XCConfigurationList section */
		138ED3B81DA3CBE500424A8D /* Build configuration list for PBXNativeTarget "SDKDemo" */ = {
			isa = XCConfigurationList;
			buildConfigurations = (
				138ED3B91DA3CBE500424A8D /* Debug */,
				138ED3BA1DA3CBE500424A8D /* Release */,
			);
			defaultConfigurationIsVisible = 0;
			defaultConfigurationName = Release;
		};
		138ED4271DA3D19500424A8D /* Build configuration list for PBXNativeTarget "SDKDemo-Swift" */ = {
			isa = XCConfigurationList;
			buildConfigurations = (
				138ED4211DA3D19500424A8D /* Debug */,
				138ED4221DA3D19500424A8D /* Release */,
			);
			defaultConfigurationIsVisible = 0;
			defaultConfigurationName = Release;
		};
		78AF773C1D9E34C900048689 /* Build configuration list for PBXProject "SDKDemoApp" */ = {
			isa = XCConfigurationList;
			buildConfigurations = (
				78AF77561D9E34C900048689 /* Debug */,
				78AF77571D9E34C900048689 /* Release */,
			);
			defaultConfigurationIsVisible = 0;
			defaultConfigurationName = Release;
		};
/* End XCConfigurationList section */

/* Begin XCVersionGroup section */
		138ED4021DA3D19500424A8D /* SDKDemo_Swift.xcdatamodeld */ = {
			isa = XCVersionGroup;
			children = (
				138ED4031DA3D19500424A8D /* SDKDemo_Swift.xcdatamodel */,
			);
			currentVersion = 138ED4031DA3D19500424A8D /* SDKDemo_Swift.xcdatamodel */;
			path = SDKDemo_Swift.xcdatamodeld;
			sourceTree = "<group>";
			versionGroupType = wrapper.xcdatamodel;
		};
/* End XCVersionGroup section */
	};
	rootObject = 78AF77391D9E34C900048689 /* Project object */;
}
